
Microsoft Visual Studio Solution File, Format Version 12.00
# Visual Studio 14
VisualStudioVersion = 14.0.23107.0
MinimumVisualStudioVersion = 10.0.40219.1
Project("{FAE04EC0-301F-11D3-BF4B-00C04F79EFBC}") = "Part1Q1", "Part1Q1\Part1Q1.csproj", "{B1E3DF5A-672B-4A08-B4F5-858E2AAB83B5}"
EndProject
Project("{FAE04EC0-301F-11D3-BF4B-00C04F79EFBC}") = "Part2Q3", "Part2Q3\Part2Q3.csproj", "{09BB4E44-06E0-41EF-BEF1-D71B86CE4DF8}"
EndProject
Project("{FAE04EC0-301F-11D3-BF4B-00C04F79EFBC}") = "Part2Q4", "Part2Q4\Part2Q4.csproj", "{A4A05056-B20C-4452-A7B3-E4C3405DC7DC}"
EndProject
Project("{FAE04EC0-301F-11D3-BF4B-00C04F79EFBC}") = "Part2Q5", "WS2Q5\Part2Q5.csproj", "{AB7C3124-7302-43EF-803F-443A0D5FD903}"
EndProject
Project("{FAE04EC0-301F-11D3-BF4B-00C04F79EFBC}") = "Part2Q2", "Part2Q2\Part2Q2.csproj", "{4B56C917-2FC2-4765-8BCE-88FA92715C08}"
EndProject
Project("{FAE04EC0-301F-11D3-BF4B-00C04F79EFBC}") = "Part2Q6", "Part2Q6\Part2Q6.csproj", "{E34EFE8B-59FF-4E6C-9050-B9E3D38823D0}"
EndProject
Project("{FAE04EC0-301F-11D3-BF4B-00C04F79EFBC}") = "Part3Q1", "Part3Q1\Part3Q1.csproj", "{761D815A-E652-4B34-9B75-9B7191B46073}"
EndProject
Project("{FAE04EC0-301F-11D3-BF4B-00C04F79EFBC}") = "Part3Q3", "Part3Q3\Part3Q3.csproj", "{C29A9F8E-A19B-4C47-88B8-12F963C40EA3}"
EndProject
Project("{FAE04EC0-301F-11D3-BF4B-00C04F79EFBC}") = "Part3Q2", "Part3Q2\Part3Q2.csproj", "{EB006428-AD26-431F-99C1-BFD3D9D6FDA8}"
EndProject
Global
	GlobalSection(SolutionConfigurationPlatforms) = preSolution
		Debug|Any CPU = Debug|Any CPU
		Release|Any CPU = Release|Any CPU
	EndGlobalSection
	GlobalSection(ProjectConfigurationPlatforms) = postSolution
		{B1E3DF5A-672B-4A08-B4F5-858E2AAB83B5}.Debug|Any CPU.ActiveCfg = Debug|Any CPU
		{B1E3DF5A-672B-4A08-B4F5-858E2AAB83B5}.Debug|Any CPU.Build.0 = Debug|Any CPU
		{B1E3DF5A-672B-4A08-B4F5-858E2AAB83B5}.Release|Any CPU.ActiveCfg = Release|Any CPU
		{B1E3DF5A-672B-4A08-B4F5-858E2AAB83B5}.Release|Any CPU.Build.0 = Release|Any CPU
		{09BB4E44-06E0-41EF-BEF1-D71B86CE4DF8}.Debug|Any CPU.ActiveCfg = Debug|Any CPU
		{09BB4E44-06E0-41EF-BEF1-D71B86CE4DF8}.Debug|Any CPU.Build.0 = Debug|Any CPU
		{09BB4E44-06E0-41EF-BEF1-D71B86CE4DF8}.Release|Any CPU.ActiveCfg = Release|Any CPU
		{09BB4E44-06E0-41EF-BEF1-D71B86CE4DF8}.Release|Any CPU.Build.0 = Release|Any CPU
		{A4A05056-B20C-4452-A7B3-E4C3405DC7DC}.Debug|Any CPU.ActiveCfg = Debug|Any CPU
		{A4A05056-B20C-4452-A7B3-E4C3405DC7DC}.Debug|Any CPU.Build.0 = Debug|Any CPU
		{A4A05056-B20C-4452-A7B3-E4C3405DC7DC}.Release|Any CPU.ActiveCfg = Release|Any CPU
		{A4A05056-B20C-4452-A7B3-E4C3405DC7DC}.Release|Any CPU.Build.0 = Release|Any CPU
		{AB7C3124-7302-43EF-803F-443A0D5FD903}.Debug|Any CPU.ActiveCfg = Debug|Any CPU
		{AB7C3124-7302-43EF-803F-443A0D5FD903}.Debug|Any CPU.Build.0 = Debug|Any CPU
		{AB7C3124-7302-43EF-803F-443A0D5FD903}.Release|Any CPU.ActiveCfg = Release|Any CPU
		{AB7C3124-7302-43EF-803F-443A0D5FD903}.Release|Any CPU.Build.0 = Release|Any CPU
		{4B56C917-2FC2-4765-8BCE-88FA92715C08}.Debug|Any CPU.ActiveCfg = Debug|Any CPU
		{4B56C917-2FC2-4765-8BCE-88FA92715C08}.Debug|Any CPU.Build.0 = Debug|Any CPU
		{4B56C917-2FC2-4765-8BCE-88FA92715C08}.Release|Any CPU.ActiveCfg = Release|Any CPU
		{4B56C917-2FC2-4765-8BCE-88FA92715C08}.Release|Any CPU.Build.0 = Release|Any CPU
		{E34EFE8B-59FF-4E6C-9050-B9E3D38823D0}.Debug|Any CPU.ActiveCfg = Debug|Any CPU
		{E34EFE8B-59FF-4E6C-9050-B9E3D38823D0}.Debug|Any CPU.Build.0 = Debug|Any CPU
		{E34EFE8B-59FF-4E6C-9050-B9E3D38823D0}.Release|Any CPU.ActiveCfg = Release|Any CPU
		{E34EFE8B-59FF-4E6C-9050-B9E3D38823D0}.Release|Any CPU.Build.0 = Release|Any CPU
		{761D815A-E652-4B34-9B75-9B7191B46073}.Debug|Any CPU.ActiveCfg = Debug|Any CPU
		{761D815A-E652-4B34-9B75-9B7191B46073}.Debug|Any CPU.Build.0 = Debug|Any CPU
		{761D815A-E652-4B34-9B75-9B7191B46073}.Release|Any CPU.ActiveCfg = Release|Any CPU
		{761D815A-E652-4B34-9B75-9B7191B46073}.Release|Any CPU.Build.0 = Release|Any CPU
		{C29A9F8E-A19B-4C47-88B8-12F963C40EA3}.Debug|Any CPU.ActiveCfg = Debug|Any CPU
		{C29A9F8E-A19B-4C47-88B8-12F963C40EA3}.Debug|Any CPU.Build.0 = Debug|Any CPU
		{C29A9F8E-A19B-4C47-88B8-12F963C40EA3}.Release|Any CPU.ActiveCfg = Release|Any CPU
		{C29A9F8E-A19B-4C47-88B8-12F963C40EA3}.Release|Any CPU.Build.0 = Release|Any CPU
		{EB006428-AD26-431F-99C1-BFD3D9D6FDA8}.Debug|Any CPU.ActiveCfg = Debug|Any CPU
		{EB006428-AD26-431F-99C1-BFD3D9D6FDA8}.Debug|Any CPU.Build.0 = Debug|Any CPU
		{EB006428-AD26-431F-99C1-BFD3D9D6FDA8}.Release|Any CPU.ActiveCfg = Release|Any CPU
		{EB006428-AD26-431F-99C1-BFD3D9D6FDA8}.Release|Any CPU.Build.0 = Release|Any CPU
	EndGlobalSection
	GlobalSection(SolutionProperties) = preSolution
		HideSolutionNode = FALSE
	EndGlobalSection
EndGlobal
